# This file was autogenerated by Stack.
# You should not edit this file by hand.
# For more information, please see the documentation at:
#   https://docs.haskellstack.org/en/stable/lock_files

packages:
- completed:
    hackage: random-1.1@sha256:7b67624fd76ddf97c206de0801dc7e888097e9d572974be9b9ea6551d76965df,1777
    pantry-tree:
      size: 637
      sha256: 14a1b01728c5584e87c9fa00746a66e28ffd89dd2c0eabd334c8463953496e1b
  original:
    hackage: random-1.1
- completed:
    hackage: deepseq-1.4.4.0@sha256:76902b99ee97fc059311ddb0df9488c54969adf0a212efa39705981761f06b55,2918
    pantry-tree:
      size: 385
      sha256: edf7ecb1e7195bf2c1b595f462343b8a237351acf73e4d0e66e005fc5baa62f4
  original:
    hackage: deepseq-1.4.4.0
- completed:
    hackage: parallel-3.2.2.0@sha256:c69372af9a39a06739e1d0eaa1f2d8be6b86493a53dbbc455e7b30479c491c6a,1763
    pantry-tree:
      size: 392
      sha256: 0b408143e18070406acc2acb528fc4b695f04161e0beb490351d50d92a841fe3
  original:
    hackage: parallel-3.2.2.0
- completed:
    hackage: transformers-0.5.6.2@sha256:6c959d14430f4deffb99579ba019de07c3d852a2122b6f449344386c7d75ff1d,3172
    pantry-tree:
      size: 2512
      sha256: c79246ba7d61392c2f214376fed3c2a05e4b2649b93ec2c849a86493f278ace0
  original:
    hackage: transformers-0.5.6.2
- completed:
    hackage: comonad-5.0.8@sha256:a3a140be7a21d6ba16bf9102bf4c79455ff3213679311587bac45ba0723c8d7a,3492
    pantry-tree:
      size: 1618
      sha256: c448878c6b55dece92a8f76566f13dff9fafe46fe911598f1353ae7b55153f41
  original:
    hackage: comonad-5.0.8
- completed:
    hackage: indexed-traversable-0.1.1@sha256:e330ec1ab336ee2fb1eff117ebe3480d1663396fecd981f185b7123dc7941ae1,2469
    pantry-tree:
      size: 495
      sha256: 52d8bab517f47381ad864f636c89c5d23bc862c28d7bd826f930975c3c37a228
  original:
    hackage: indexed-traversable-0.1.1
- completed:
    hackage: directory-1.3.6.0@sha256:d3d89c752f99e78f3e1d11c74696d2ba78b199f47c89e92934003deb84cb3ff9,2810
    pantry-tree:
      size: 3433
      sha256: 54ddcb94f07eab9c6070497d8cbc565fc7e9f159ac596581c2e959e7460c1e41
  original:
    hackage: directory-1.3.6.0
- completed:
    hackage: filepath-1.4.2.1@sha256:aff13ab4dd895931e77c22756e6e4e7bc8189351e0fa48270a998b826a63f54a,2291
    pantry-tree:
      size: 681
      sha256: ed5ffa1e42c2626fc3b13b9f7ff3fef6b841515a57021819f8066db4e93264dc
  original:
    hackage: filepath-1.4.2.1
snapshots:
- completed:
    size: 531707
    url: https://raw.githubusercontent.com/commercialhaskell/stackage-snapshots/master/lts/16/5.yaml
    sha256: 9751e25e0af5713a53ddcfcc79564b082c71b1b357fadef0d85672a5b5ba3703
  original: lts-16.5
